
Microsoft Visual Studio Solution File, Format Version 12.00
# Visual Studio 2013
VisualStudioVersion = 12.0.40629.0
MinimumVisualStudioVersion = 10.0.40219.1
Project("{8BC9CEB8-8B4A-11D0-8D11-00A0C91BC942}") = "las2kxyz", "las2kxyz\las2kxyz.vcxproj", "{54F0F103-C559-4896-B467-F8AB3B393389}"
EndProject
Project("{8BC9CEB8-8B4A-11D0-8D11-00A0C91BC942}") = "newhilbert", "newhilbert\newhilbert.vcxproj", "{A2122447-5C40-458E-A891-1B2704D3433A}"
EndProject
Project("{8BC9CEB8-8B4A-11D0-8D11-00A0C91BC942}") = "hilbert2", "hilbert2\hilbert2.vcxproj", "{59EA608D-FCF7-427B-AFDC-7903287B6AA1}"
EndProject
Project("{8BC9CEB8-8B4A-11D0-8D11-00A0C91BC942}") = "hilbertstring", "hilbertstring\hilbertstring.vcxproj", "{EFC89BD1-D2F3-4D85-8CA1-2B9B37DFC41B}"
EndProject
Project("{8BC9CEB8-8B4A-11D0-8D11-00A0C91BC942}") = "newlas2kxyz", "newlas2kxyz\newlas2kxyz.vcxproj", "{FFA5C2FD-6967-4F14-88CA-94CC55CB8E6C}"
EndProject
Project("{8BC9CEB8-8B4A-11D0-8D11-00A0C91BC942}") = "H2MComp", "H2MComp\H2MComp.vcxproj", "{A10E33CA-6971-4895-AB0B-2A4505433F35}"
EndProject
Global
	GlobalSection(SolutionConfigurationPlatforms) = preSolution
		Debug|Win32 = Debug|Win32
		Release|Win32 = Release|Win32
	EndGlobalSection
	GlobalSection(ProjectConfigurationPlatforms) = postSolution
		{54F0F103-C559-4896-B467-F8AB3B393389}.Debug|Win32.ActiveCfg = Debug|Win32
		{54F0F103-C559-4896-B467-F8AB3B393389}.Debug|Win32.Build.0 = Debug|Win32
		{54F0F103-C559-4896-B467-F8AB3B393389}.Release|Win32.ActiveCfg = Release|Win32
		{54F0F103-C559-4896-B467-F8AB3B393389}.Release|Win32.Build.0 = Release|Win32
		{A2122447-5C40-458E-A891-1B2704D3433A}.Debug|Win32.ActiveCfg = Debug|Win32
		{A2122447-5C40-458E-A891-1B2704D3433A}.Debug|Win32.Build.0 = Debug|Win32
		{A2122447-5C40-458E-A891-1B2704D3433A}.Release|Win32.ActiveCfg = Release|Win32
		{A2122447-5C40-458E-A891-1B2704D3433A}.Release|Win32.Build.0 = Release|Win32
		{59EA608D-FCF7-427B-AFDC-7903287B6AA1}.Debug|Win32.ActiveCfg = Debug|Win32
		{59EA608D-FCF7-427B-AFDC-7903287B6AA1}.Debug|Win32.Build.0 = Debug|Win32
		{59EA608D-FCF7-427B-AFDC-7903287B6AA1}.Release|Win32.ActiveCfg = Release|Win32
		{59EA608D-FCF7-427B-AFDC-7903287B6AA1}.Release|Win32.Build.0 = Release|Win32
		{EFC89BD1-D2F3-4D85-8CA1-2B9B37DFC41B}.Debug|Win32.ActiveCfg = Debug|Win32
		{EFC89BD1-D2F3-4D85-8CA1-2B9B37DFC41B}.Debug|Win32.Build.0 = Debug|Win32
		{EFC89BD1-D2F3-4D85-8CA1-2B9B37DFC41B}.Release|Win32.ActiveCfg = Release|Win32
		{EFC89BD1-D2F3-4D85-8CA1-2B9B37DFC41B}.Release|Win32.Build.0 = Release|Win32
		{FFA5C2FD-6967-4F14-88CA-94CC55CB8E6C}.Debug|Win32.ActiveCfg = Debug|Win32
		{FFA5C2FD-6967-4F14-88CA-94CC55CB8E6C}.Debug|Win32.Build.0 = Debug|Win32
		{FFA5C2FD-6967-4F14-88CA-94CC55CB8E6C}.Release|Win32.ActiveCfg = Release|Win32
		{FFA5C2FD-6967-4F14-88CA-94CC55CB8E6C}.Release|Win32.Build.0 = Release|Win32
		{A10E33CA-6971-4895-AB0B-2A4505433F35}.Debug|Win32.ActiveCfg = Debug|Win32
		{A10E33CA-6971-4895-AB0B-2A4505433F35}.Debug|Win32.Build.0 = Debug|Win32
		{A10E33CA-6971-4895-AB0B-2A4505433F35}.Release|Win32.ActiveCfg = Release|Win32
		{A10E33CA-6971-4895-AB0B-2A4505433F35}.Release|Win32.Build.0 = Release|Win32
	EndGlobalSection
	GlobalSection(SolutionProperties) = preSolution
		HideSolutionNode = FALSE
	EndGlobalSection
EndGlobal
